// !$*UTF8*$!
{
	archiveVersion = 1;
	classes = {
	};
	objectVersion = 50;
	objects = {

/* Begin PBXBuildFile section */
		841A12D8212D1E9E00D45464 /* DetailViewController.swift in Sources */ = {isa = PBXBuildFile; fileRef = 841A12D7212D1E9E00D45464 /* DetailViewController.swift */; };
		84922AD0212BCABC0044E0F4 /* TableViewController.swift in Sources */ = {isa = PBXBuildFile; fileRef = 84922ACF212BCABC0044E0F4 /* TableViewController.swift */; };
		84922AD2212BE6710044E0F4 /* SimpleViewController.swift in Sources */ = {isa = PBXBuildFile; fileRef = 84922AD1212BE6710044E0F4 /* SimpleViewController.swift */; };
		84922AD4212C043D0044E0F4 /* CustomTableViewCell.swift in Sources */ = {isa = PBXBuildFile; fileRef = 84922AD3212C043D0044E0F4 /* CustomTableViewCell.swift */; };
		84F62D73212A784900B42790 /* AppDelegate.swift in Sources */ = {isa = PBXBuildFile; fileRef = 84F62D72212A784900B42790 /* AppDelegate.swift */; };
		84F62D75212A784900B42790 /* ViewController.swift in Sources */ = {isa = PBXBuildFile; fileRef = 84F62D74212A784900B42790 /* ViewController.swift */; };
		84F62D78212A784900B42790 /* Main.storyboard in Resources */ = {isa = PBXBuildFile; fileRef = 84F62D76212A784900B42790 /* Main.storyboard */; };
		84F62D7A212A784C00B42790 /* Assets.xcassets in Resources */ = {isa = PBXBuildFile; fileRef = 84F62D79212A784C00B42790 /* Assets.xcassets */; };
		84F62D7D212A784C00B42790 /* LaunchScreen.storyboard in Resources */ = {isa = PBXBuildFile; fileRef = 84F62D7B212A784C00B42790 /* LaunchScreen.storyboard */; };
		84F62D85212A810300B42790 /* Demo.swift in Sources */ = {isa = PBXBuildFile; fileRef = 84F62D84212A810300B42790 /* Demo.swift */; };
		9D46AD9425F03E29071A52CD /* Pods_Hello.framework in Frameworks */ = {isa = PBXBuildFile; fileRef = 8A444D501DF029927132CD1E /* Pods_Hello.framework */; };
/* End PBXBuildFile section */

/* Begin PBXFileReference section */
		841A12D7212D1E9E00D45464 /* DetailViewController.swift */ = {isa = PBXFileReference; lastKnownFileType = sourcecode.swift; path = DetailViewController.swift; sourceTree = "<group>"; };
		84922ACF212BCABC0044E0F4 /* TableViewController.swift */ = {isa = PBXFileReference; lastKnownFileType = sourcecode.swift; path = TableViewController.swift; sourceTree = "<group>"; };
		84922AD1212BE6710044E0F4 /* SimpleViewController.swift */ = {isa = PBXFileReference; lastKnownFileType = sourcecode.swift; path = SimpleViewController.swift; sourceTree = "<group>"; };
		84922AD3212C043D0044E0F4 /* CustomTableViewCell.swift */ = {isa = PBXFileReference; lastKnownFileType = sourcecode.swift; path = CustomTableViewCell.swift; sourceTree = "<group>"; };
		84F62D6F212A784900B42790 /* Hello.app */ = {isa = PBXFileReference; explicitFileType = wrapper.application; includeInIndex = 0; path = Hello.app; sourceTree = BUILT_PRODUCTS_DIR; };
		84F62D72212A784900B42790 /* AppDelegate.swift */ = {isa = PBXFileReference; lastKnownFileType = sourcecode.swift; path = AppDelegate.swift; sourceTree = "<group>"; };
		84F62D74212A784900B42790 /* ViewController.swift */ = {isa = PBXFileReference; lastKnownFileType = sourcecode.swift; path = ViewController.swift; sourceTree = "<group>"; };
		84F62D77212A784900B42790 /* Base */ = {isa = PBXFileReference; lastKnownFileType = file.storyboard; name = Base; path = Base.lproj/Main.storyboard; sourceTree = "<group>"; };
		84F62D79212A784C00B42790 /* Assets.xcassets */ = {isa = PBXFileReference; lastKnownFileType = folder.assetcatalog; path = Assets.xcassets; sourceTree = "<group>"; };
		84F62D7C212A784C00B42790 /* Base */ = {isa = PBXFileReference; lastKnownFileType = file.storyboard; name = Base; path = Base.lproj/LaunchScreen.storyboard; sourceTree = "<group>"; };
		84F62D7E212A784C00B42790 /* Info.plist */ = {isa = PBXFileReference; lastKnownFileType = text.plist.xml; path = Info.plist; sourceTree = "<group>"; };
		84F62D84212A810300B42790 /* Demo.swift */ = {isa = PBXFileReference; lastKnownFileType = sourcecode.swift; path = Demo.swift; sourceTree = "<group>"; };
		8A444D501DF029927132CD1E /* Pods_Hello.framework */ = {isa = PBXFileReference; explicitFileType = wrapper.framework; includeInIndex = 0; path = Pods_Hello.framework; sourceTree = BUILT_PRODUCTS_DIR; };
		BC388621BEDE8A7C93F21DA4 /* Pods-Hello.debug.xcconfig */ = {isa = PBXFileReference; includeInIndex = 1; lastKnownFileType = text.xcconfig; name = "Pods-Hello.debug.xcconfig"; path = "Pods/Target Support Files/Pods-Hello/Pods-Hello.debug.xcconfig"; sourceTree = "<group>"; };
		D1373F6F8BB78D9CB48475B4 /* Pods-Hello.release.xcconfig */ = {isa = PBXFileReference; includeInIndex = 1; lastKnownFileType = text.xcconfig; name = "Pods-Hello.release.xcconfig"; path = "Pods/Target Support Files/Pods-Hello/Pods-Hello.release.xcconfig"; sourceTree = "<group>"; };
/* End PBXFileReference section */

/* Begin PBXFrameworksBuildPhase section */
		84F62D6C212A784900B42790 /* Frameworks */ = {
			isa = PBXFrameworksBuildPhase;
			buildActionMask = 2147483647;
			files = (
				9D46AD9425F03E29071A52CD /* Pods_Hello.framework in Frameworks */,
			);
			runOnlyForDeploymentPostprocessing = 0;
		};
/* End PBXFrameworksBuildPhase section */

/* Begin PBXGroup section */
		7B302AECD5D80D5B15CBA7F9 /* Frameworks */ = {
			isa = PBXGroup;
			children = (
				8A444D501DF029927132CD1E /* Pods_Hello.framework */,
			);
			name = Frameworks;
			sourceTree = "<group>";
		};
		84F62D66212A784900B42790 = {
			isa = PBXGroup;
			children = (
				84F62D71212A784900B42790 /* Hello */,
				84F62D70212A784900B42790 /* Products */,
				BD2192EB6E26DD29B7B8063E /* Pods */,
				7B302AECD5D80D5B15CBA7F9 /* Frameworks */,
			);
			sourceTree = "<group>";
		};
		84F62D70212A784900B42790 /* Products */ = {
			isa = PBXGroup;
			children = (
				84F62D6F212A784900B42790 /* Hello.app */,
			);
			name = Products;
			sourceTree = "<group>";
		};
		84F62D71212A784900B42790 /* Hello */ = {
			isa = PBXGroup;
			children = (
				84F62D72212A784900B42790 /* AppDelegate.swift */,
				84F62D74212A784900B42790 /* ViewController.swift */,
				84F62D76212A784900B42790 /* Main.storyboard */,
				84F62D79212A784C00B42790 /* Assets.xcassets */,
				84F62D7B212A784C00B42790 /* LaunchScreen.storyboard */,
				84F62D7E212A784C00B42790 /* Info.plist */,
				84F62D84212A810300B42790 /* Demo.swift */,
				84922ACF212BCABC0044E0F4 /* TableViewController.swift */,
				84922AD1212BE6710044E0F4 /* SimpleViewController.swift */,
				84922AD3212C043D0044E0F4 /* CustomTableViewCell.swift */,
				841A12D7212D1E9E00D45464 /* DetailViewController.swift */,
			);
			path = Hello;
			sourceTree = "<group>";
		};
		BD2192EB6E26DD29B7B8063E /* Pods */ = {
			isa = PBXGroup;
			children = (
				BC388621BEDE8A7C93F21DA4 /* Pods-Hello.debug.xcconfig */,
				D1373F6F8BB78D9CB48475B4 /* Pods-Hello.release.xcconfig */,
			);
			name = Pods;
			sourceTree = "<group>";
		};
/* End PBXGroup section */

/* Begin PBXNativeTarget section */
		84F62D6E212A784900B42790 /* Hello */ = {
			isa = PBXNativeTarget;
			buildConfigurationList = 84F62D81212A784C00B42790 /* Build configuration list for PBXNativeTarget "Hello" */;
			buildPhases = (
				99156CDDAB70FFB8BCFBFF1A /* [CP] Check Pods Manifest.lock */,
				84F62D6B212A784900B42790 /* Sources */,
				84F62D6C212A784900B42790 /* Frameworks */,
				84F62D6D212A784900B42790 /* Resources */,
				381AD4208B226A564EB8FD90 /* [CP] Embed Pods Frameworks */,
			);
			buildRules = (
			);
			dependencies = (
			);
			name = Hello;
			productName = Hello;
			productReference = 84F62D6F212A784900B42790 /* Hello.app */;
			productType = "com.apple.product-type.application";
		};
/* End PBXNativeTarget section */

/* Begin PBXProject section */
		84F62D67212A784900B42790 /* Project object */ = {
			isa = PBXProject;
			attributes = {
				LastSwiftUpdateCheck = 0940;
				LastUpgradeCheck = 0940;
				ORGANIZATIONNAME = admin;
				TargetAttributes = {
					84F62D6E212A784900B42790 = {
						CreatedOnToolsVersion = 9.4.1;
					};
				};
			};
			buildConfigurationList = 84F62D6A212A784900B42790 /* Build configuration list for PBXProject "Hello" */;
			compatibilityVersion = "Xcode 9.3";
			developmentRegion = en;
			hasScannedForEncodings = 0;
			knownRegions = (
				en,
				Base,
			);
			mainGroup = 84F62D66212A784900B42790;
			productRefGroup = 84F62D70212A784900B42790 /* Products */;
			projectDirPath = "";
			projectRoot = "";
			targets = (
				84F62D6E212A784900B42790 /* Hello */,
			);
		};
/* End PBXProject section */

/* Begin PBXResourcesBuildPhase section */
		84F62D6D212A784900B42790 /* Resources */ = {
			isa = PBXResourcesBuildPhase;
			buildActionMask = 2147483647;
			files = (
				84F62D7D212A784C00B42790 /* LaunchScreen.storyboard in Resources */,
				84F62D7A212A784C00B42790 /* Assets.xcassets in Resources */,
				84F62D78212A784900B42790 /* Main.storyboard in Resources */,
			);
			runOnlyForDeploymentPostprocessing = 0;
		};
/* End PBXResourcesBuildPhase section */

/* Begin PBXShellScriptBuildPhase section */
		381AD4208B226A564EB8FD90 /* [CP] Embed Pods Frameworks */ = {
			isa = PBXShellScriptBuildPhase;
			buildActionMask = 2147483647;
			files = (
			);
			inputFileListPaths = (
			);
			inputPaths = (
				"${SRCROOT}/Pods/Target Support Files/Pods-Hello/Pods-Hello-frameworks.sh",
				"${BUILT_PRODUCTS_DIR}/Alamofire/Alamofire.framework",
			);
			name = "[CP] Embed Pods Frameworks";
			outputFileListPaths = (
			);
			outputPaths = (
				"${TARGET_BUILD_DIR}/${FRAMEWORKS_FOLDER_PATH}/Alamofire.framework",
			);
			runOnlyForDeploymentPostprocessing = 0;
			shellPath = /bin/sh;
			shellScript = "\"${SRCROOT}/Pods/Target Support Files/Pods-Hello/Pods-Hello-frameworks.sh\"\n";
			showEnvVarsInLog = 0;
		};
		99156CDDAB70FFB8BCFBFF1A /* [CP] Check Pods Manifest.lock */ = {
			isa = PBXShellScriptBuildPhase;
			buildActionMask = 2147483647;
			files = (
			);
			inputFileListPaths = (
			);
			inputPaths = (
				"${PODS_PODFILE_DIR_PATH}/Podfile.lock",
				"${PODS_ROOT}/Manifest.lock",
			);
			name = "[CP] Check Pods Manifest.lock";
			outputFileListPaths = (
			);
			outputPaths = (
				"$(DERIVED_FILE_DIR)/Pods-Hello-checkManifestLockResult.txt",
			);
			runOnlyForDeploymentPostprocessing = 0;
			shellPath = /bin/sh;
			shellScript = "diff \"${PODS_PODFILE_DIR_PATH}/Podfile.lock\" \"${PODS_ROOT}/Manifest.lock\" > /dev/null\nif [ $? != 0 ] ; then\n    # print error to STDERR\n    echo \"error: The sandbox is not in sync with the Podfile.lock. Run 'pod install' or update your CocoaPods installation.\" >&2\n    exit 1\nfi\n# This output is used by Xcode 'outputs' to avoid re-running this script phase.\necho \"SUCCESS\" > \"${SCRIPT_OUTPUT_FILE_0}\"\n";
			showEnvVarsInLog = 0;
		};
/* End PBXShellScriptBuildPhase section */

/* Begin PBXSourcesBuildPhase section */
		84F62D6B212A784900B42790 /* Sources */ = {
			isa = PBXSourcesBuildPhase;
			buildActionMask = 2147483647;
			files = (
				84922AD4212C043D0044E0F4 /* CustomTableViewCell.swift in Sources */,
				84922AD2212BE6710044E0F4 /* SimpleViewController.swift in Sources */,
				84F62D75212A784900B42790 /* ViewController.swift in Sources */,
				84F62D73212A784900B42790 /* AppDelegate.swift in Sources */,
				84F62D85212A810300B42790 /* Demo.swift in Sources */,
				84922AD0212BCABC0044E0F4 /* TableViewController.swift in Sources */,
				841A12D8212D1E9E00D45464 /* DetailViewController.swift in Sources */,
			);
			runOnlyForDeploymentPostprocessing = 0;
		};
/* End PBXSourcesBuildPhase section */

/* Begin PBXVariantGroup section */
		84F62D76212A784900B42790 /* Main.storyboard */ = {
			isa = PBXVariantGroup;
			children = (
				84F62D77212A784900B42790 /* Base */,
			);
			name = Main.storyboard;
			sourceTree = "<group>";
		};
		84F62D7B212A784C00B42790 /* LaunchScreen.storyboard */ = {
			isa = PBXVariantGroup;
			children = (
				84F62D7C212A784C00B42790 /* Base */,
			);
			name = LaunchScreen.storyboard;
			sourceTree = "<group>";
		};
/* End PBXVariantGroup section */

/* Begin XCBuildConfiguration section */
		84F62D7F212A784C00B42790 /* Debug */ = {
			isa = XCBuildConfiguration;
			buildSettings = {
				ALWAYS_SEARCH_USER_PATHS = NO;
				CLANG_ANALYZER_NONNULL = YES;
				CLANG_ANALYZER_NUMBER_OBJECT_CONVERSION = YES_AGGRESSIVE;
				CLANG_CXX_LANGUAGE_STANDARD = "gnu++14";
				CLANG_CXX_LIBRARY = "libc++";
				CLANG_ENABLE_MODULES = YES;
				CLANG_ENABLE_OBJC_ARC = YES;
				CLANG_ENABLE_OBJC_WEAK = YES;
				CLANG_WARN_BLOCK_CAPTURE_AUTORELEASING = YES;
				CLANG_WARN_BOOL_CONVERSION = YES;
				CLANG_WARN_COMMA = YES;
				CLANG_WARN_CONSTANT_CONVERSION = YES;
				CLANG_WARN_DEPRECATED_OBJC_IMPLEMENTATIONS = YES;
				CLANG_WARN_DIRECT_OBJC_ISA_USAGE = YES_ERROR;
				CLANG_WARN_DOCUMENTATION_COMMENTS = YES;
				CLANG_WARN_EMPTY_BODY = YES;
				CLANG_WARN_ENUM_CONVERSION = YES;
				CLANG_WARN_INFINITE_RECURSION = YES;
				CLANG_WARN_INT_CONVERSION = YES;
				CLANG_WARN_NON_LITERAL_NULL_CONVERSION = YES;
				CLANG_WARN_OBJC_IMPLICIT_RETAIN_SELF = YES;
				CLANG_WARN_OBJC_LITERAL_CONVERSION = YES;
				CLANG_WARN_OBJC_ROOT_CLASS = YES_ERROR;
				CLANG_WARN_RANGE_LOOP_ANALYSIS = YES;
				CLANG_WARN_STRICT_PROTOTYPES = YES;
				CLANG_WARN_SUSPICIOUS_MOVE = YES;
				CLANG_WARN_UNGUARDED_AVAILABILITY = YES_AGGRESSIVE;
				CLANG_WARN_UNREACHABLE_CODE = YES;
				CLANG_WARN__DUPLICATE_METHOD_MATCH = YES;
				CODE_SIGN_IDENTITY = "iPhone Developer";
				COPY_PHASE_STRIP = NO;
				DEBUG_INFORMATION_FORMAT = dwarf;
				ENABLE_STRICT_OBJC_MSGSEND = YES;
				ENABLE_TESTABILITY = YES;
				GCC_C_LANGUAGE_STANDARD = gnu11;
				GCC_DYNAMIC_NO_PIC = NO;
				GCC_NO_COMMON_BLOCKS = YES;
				GCC_OPTIMIZATION_LEVEL = 0;
				GCC_PREPROCESSOR_DEFINITIONS = (
					"DEBUG=1",
					"$(inherited)",
				);
				GCC_WARN_64_TO_32_BIT_CONVERSION = YES;
				GCC_WARN_ABOUT_RETURN_TYPE = YES_ERROR;
				GCC_WARN_UNDECLARED_SELECTOR = YES;
				GCC_WARN_UNINITIALIZED_AUTOS = YES_AGGRESSIVE;
				GCC_WARN_UNUSED_FUNCTION = YES;
				GCC_WARN_UNUSED_VARIABLE = YES;
				IPHONEOS_DEPLOYMENT_TARGET = 11.4;
				MTL_ENABLE_DEBUG_INFO = YES;
				ONLY_ACTIVE_ARCH = YES;
				SDKROOT = iphoneos;
				SWIFT_ACTIVE_COMPILATION_CONDITIONS = DEBUG;
				SWIFT_OPTIMIZATION_LEVEL = "-Onone";
			};
			name = Debug;
		};
		84F62D80212A784C00B42790 /* Release */ = {
			isa = XCBuildConfiguration;
			buildSettings = {
				ALWAYS_SEARCH_USER_PATHS = NO;
				CLANG_ANALYZER_NONNULL = YES;
				CLANG_ANALYZER_NUMBER_OBJECT_CONVERSION = YES_AGGRESSIVE;
				CLANG_CXX_LANGUAGE_STANDARD = "gnu++14";
				CLANG_CXX_LIBRARY = "libc++";
				CLANG_ENABLE_MODULES = YES;
				CLANG_ENABLE_OBJC_ARC = YES;
				CLANG_ENABLE_OBJC_WEAK = YES;
				CLANG_WARN_BLOCK_CAPTURE_AUTORELEASING = YES;
				CLANG_WARN_BOOL_CONVERSION = YES;
				CLANG_WARN_COMMA = YES;
				CLANG_WARN_CONSTANT_CONVERSION = YES;
				CLANG_WARN_DEPRECATED_OBJC_IMPLEMENTATIONS = YES;
				CLANG_WARN_DIRECT_OBJC_ISA_USAGE = YES_ERROR;
				CLANG_WARN_DOCUMENTATION_COMMENTS = YES;
				CLANG_WARN_EMPTY_BODY = YES;
				CLANG_WARN_ENUM_CONVERSION = YES;
				CLANG_WARN_INFINITE_RECURSION = YES;
				CLANG_WARN_INT_CONVERSION = YES;
				CLANG_WARN_NON_LITERAL_NULL_CONVERSION = YES;
				CLANG_WARN_OBJC_IMPLICIT_RETAIN_SELF = YES;
				CLANG_WARN_OBJC_LITERAL_CONVERSION = YES;
				CLANG_WARN_OBJC_ROOT_CLASS = YES_ERROR;
				CLANG_WARN_RANGE_LOOP_ANALYSIS = YES;
				CLANG_WARN_STRICT_PROTOTYPES = YES;
				CLANG_WARN_SUSPICIOUS_MOVE = YES;
				CLANG_WARN_UNGUARDED_AVAILABILITY = YES_AGGRESSIVE;
				CLANG_WARN_UNREACHABLE_CODE = YES;
				CLANG_WARN__DUPLICATE_METHOD_MATCH = YES;
				CODE_SIGN_IDENTITY = "iPhone Developer";
				COPY_PHASE_STRIP = NO;
				DEBUG_INFORMATION_FORMAT = "dwarf-with-dsym";
				ENABLE_NS_ASSERTIONS = NO;
				ENABLE_STRICT_OBJC_MSGSEND = YES;
				GCC_C_LANGUAGE_STANDARD = gnu11;
				GCC_NO_COMMON_BLOCKS = YES;
				GCC_WARN_64_TO_32_BIT_CONVERSION = YES;
				GCC_WARN_ABOUT_RETURN_TYPE = YES_ERROR;
				GCC_WARN_UNDECLARED_SELECTOR = YES;
				GCC_WARN_UNINITIALIZED_AUTOS = YES_AGGRESSIVE;
				GCC_WARN_UNUSED_FUNCTION = YES;
				GCC_WARN_UNUSED_VARIABLE = YES;
				IPHONEOS_DEPLOYMENT_TARGET = 11.4;
				MTL_ENABLE_DEBUG_INFO = NO;
				SDKROOT = iphoneos;
				SWIFT_COMPILATION_MODE = wholemodule;
				SWIFT_OPTIMIZATION_LEVEL = "-O";
				VALIDATE_PRODUCT = YES;
			};
			name = Release;
		};
		84F62D82212A784C00B42790 /* Debug */ = {
			isa = XCBuildConfiguration;
			baseConfigurationReference = BC388621BEDE8A7C93F21DA4 /* Pods-Hello.debug.xcconfig */;
			buildSettings = {
				ASSETCATALOG_COMPILER_APPICON_NAME = AppIcon;
				CODE_SIGN_STYLE = Automatic;
				INFOPLIST_FILE = Hello/Info.plist;
				LD_RUNPATH_SEARCH_PATHS = (
					"$(inherited)",
					"@executable_path/Frameworks",
				);
				PRODUCT_BUNDLE_IDENTIFIER = com.arit.demo.Hello;
				PRODUCT_NAME = "$(TARGET_NAME)";
				SWIFT_VERSION = 4.0;
				TARGETED_DEVICE_FAMILY = "1,2";
			};
			name = Debug;
		};
		84F62D83212A784C00B42790 /* Release */ = {
			isa = XCBuildConfiguration;
			baseConfigurationReference = D1373F6F8BB78D9CB48475B4 /* Pods-Hello.release.xcconfig */;
			buildSettings = {
				ASSETCATALOG_COMPILER_APPICON_NAME = AppIcon;
				CODE_SIGN_STYLE = Automatic;
				INFOPLIST_FILE = Hello/Info.plist;
				LD_RUNPATH_SEARCH_PATHS = (
					"$(inherited)",
					"@executable_path/Frameworks",
				);
				PRODUCT_BUNDLE_IDENTIFIER = com.arit.demo.Hello;
				PRODUCT_NAME = "$(TARGET_NAME)";
				SWIFT_VERSION = 4.0;
				TARGETED_DEVICE_FAMILY = "1,2";
			};
			name = Release;
		};
/* End XCBuildConfiguration section */

/* Begin XCConfigurationList section */
		84F62D6A212A784900B42790 /* Build configuration list for PBXProject "Hello" */ = {
			isa = XCConfigurationList;
			buildConfigurations = (
				84F62D7F212A784C00B42790 /* Debug */,
				84F62D80212A784C00B42790 /* Release */,
			);
			defaultConfigurationIsVisible = 0;
			defaultConfigurationName = Release;
		};
		84F62D81212A784C00B42790 /* Build configuration list for PBXNativeTarget "Hello" */ = {
			isa = XCConfigurationList;
			buildConfigurations = (
				84F62D82212A784C00B42790 /* Debug */,
				84F62D83212A784C00B42790 /* Release */,
			);
			defaultConfigurationIsVisible = 0;
			defaultConfigurationName = Release;
		};
/* End XCConfigurationList section */
	};
	rootObject = 84F62D67212A784900B42790 /* Project object */;
}
